{
  "nodes": {
    "libkrun-src": {
      "flake": false,
      "locked": {
        "lastModified": 1789671521,
        "narHash": "sha256-HjBTz7COZkJCz89YvjVwGCVYhFHGkILZEjiX7JB3ynk=",
        "owner": "smol-machines",
        "repo": "libkrun",
        "rev": "d2b7c30f83382849b17c47df87862b56322c2bd4",
        "type": "github"
      },
      "original": {
        "owner": "smol-machines",
        "repo": "libkrun",
        "rev": "d2b7c30f83382849b17c47df87862b56322c2bd4",
        "type": "github"
      }
    },
    "libkrunfw-src": {
      "flake": false,
      "locked": {
        "lastModified": 1789128406,
        "narHash": "sha256-NBJjgRqEVgeze9ODGgj0GD/Ehc3CMCU8q/LPmiWzraQ=",
        "owner": "smol-machines",
        "repo": "libkrunfw",
        "rev": "6ec329e11154814a4df9963a3f94f2a430f55723",
        "type": "github"
      },
      "original": {
        "owner": "smol-machines",
        "repo": "libkrunfw",
        "rev": "6ec329e11154814a4df9963a3f94f2a430f55723",
        "type": "github"
      }
    },
    "nixpkgs": {
      "locked": {
        "lastModified": 1789286504,
        "narHash": "sha256-eiEK7cKZORNEvX0GeF3RtNEF/JXhgf2RqSp3230q13E=",
        "owner": "NixOS",
        "repo": "nixpkgs",
        "rev": "ef34387ddd751e1ab8857adf4676492d32eb24ec",
        "type": "github"
      },
      "original": {
        "owner": "NixOS",
        "ref": "nixos-unstable",
        "repo": "nixpkgs",
        "type": "github"
      }
    },
    "nixpkgs_2": {
      "locked": {
        "lastModified": 1779357205,
        "narHash": "sha256-cCO8aTqss5x9Ky8GWkpY0Hy5fyTZEbtifSUV8QjSzic=",
        "owner": "NixOS",
        "repo": "nixpkgs",
        "rev": "f83fc3c307e74bc5fd5adb7eb6b8b13ffd2a36e1",
        "type": "github"
      },
      "original": {
        "owner": "NixOS",
        "ref": "nixos-unstable",
        "repo": "nixpkgs",
        "type": "github"
      }
    },
    "root": {
      "inputs": {
        "nixpkgs": "nixpkgs",
        "smolvm": "smolvm"
      }
    },
    "smolvm": {
      "inputs": {
        "libkrun-src": "libkrun-src",
        "libkrunfw-src": "libkrunfw-src",
        "nixpkgs": "nixpkgs_2"
      },
      "locked": {
        "lastModified": 1789767338,
        "narHash": "sha256-UAZrbGjrJxREKYmP7LvFhWQYyQt3Jfhv9xYNVrn6fuU=",
        "owner": "smol-machines",
        "repo": "smolvm",
        "rev": "ebffebe0ca924f9f59c3c0c79e551916319c8da5",
        "type": "github"
      },
      "original": {
        "owner": "smol-machines",
        "repo": "smolvm",
        "rev": "ebffebe0ca924f9f59c3c0c79e551916319c8da5",
        "type": "github"
      }
    }
  },
  "root": "root",
  "version": 7
}
