{
  "nodes": {
    "libkrun-src": {
      "flake": false,
      "locked": {
        "lastModified": 1790207131,
        "narHash": "sha256-SO+IwvCgLoZbZd4GKPU1rlYPdMiDyEPZG9MnaT/317g=",
        "owner": "smol-machines",
        "repo": "libkrun",
        "rev": "5e467b42439f32b473888ee12c0932ac40635da5",
        "type": "github"
      },
      "original": {
        "owner": "smol-machines",
        "repo": "libkrun",
        "rev": "5e467b42439f32b473888ee12c0932ac40635da5",
        "type": "github"
      }
    },
    "libkrunfw-src": {
      "flake": false,
      "locked": {
        "lastModified": 1789128406,
        "narHash": "sha256-NBJjgRqEVgeze9ODGgj0GD/Ehc3CMCU8q/LPmiWzraQ=",
        "owner": "smol-machines",
        "repo": "libkrunfw",
        "rev": "6ec329e11154814a4df9963a3f94f2a430f55723",
        "type": "github"
      },
      "original": {
        "owner": "smol-machines",
        "repo": "libkrunfw",
        "rev": "6ec329e11154814a4df9963a3f94f2a430f55723",
        "type": "github"
      }
    },
    "nixpkgs": {
      "locked": {
        "lastModified": 1790185690,
        "narHash": "sha256-xJ+X4hBtOcAFGBOe5nAMyMUeF9foJBmIOu3NjBqBycU=",
        "owner": "NixOS",
        "repo": "nixpkgs",
        "rev": "4975466d324710c576dc11ad614684e6bd8cad8e",
        "type": "github"
      },
      "original": {
        "owner": "NixOS",
        "ref": "nixos-unstable",
        "repo": "nixpkgs",
        "type": "github"
      }
    },
    "nixpkgs_2": {
      "locked": {
        "lastModified": 1779357205,
        "narHash": "sha256-cCO8aTqss5x9Ky8GWkpY0Hy5fyTZEbtifSUV8QjSzic=",
        "owner": "NixOS",
        "repo": "nixpkgs",
        "rev": "f83fc3c307e74bc5fd5adb7eb6b8b13ffd2a36e1",
        "type": "github"
      },
      "original": {
        "owner": "NixOS",
        "ref": "nixos-unstable",
        "repo": "nixpkgs",
        "type": "github"
      }
    },
    "root": {
      "inputs": {
        "nixpkgs": "nixpkgs",
        "smolvm": "smolvm"
      }
    },
    "smolvm": {
      "inputs": {
        "libkrun-src": "libkrun-src",
        "libkrunfw-src": "libkrunfw-src",
        "nixpkgs": "nixpkgs_2"
      },
      "locked": {
        "lastModified": 1790277378,
        "narHash": "sha256-CZOcakJuvmxdI6IJxzCtfJz/KzX6mUZyZFbc/+J6u9w=",
        "owner": "smol-machines",
        "repo": "smolvm",
        "rev": "5ea706f39a87578039388ec23e24af4c7f746754",
        "type": "github"
      },
      "original": {
        "owner": "smol-machines",
        "repo": "smolvm",
        "rev": "5ea706f39a87578039388ec23e24af4c7f746754",
        "type": "github"
      }
    }
  },
  "root": "root",
  "version": 7
}
