{
  "nodes": {
    "libkrun-src": {
      "flake": false,
      "locked": {
        "lastModified": 1788983295,
        "narHash": "sha256-WDDGSGKoXCgPYv98f0Xrurx4BwFNCJt6o0Df9lJpoLA=",
        "owner": "smol-machines",
        "repo": "libkrun",
        "rev": "d3486f7a4ac99c64683e628dc6d297e29b3d381d",
        "type": "github"
      },
      "original": {
        "owner": "smol-machines",
        "repo": "libkrun",
        "rev": "d3486f7a4ac99c64683e628dc6d297e29b3d381d",
        "type": "github"
      }
    },
    "libkrunfw-src": {
      "flake": false,
      "locked": {
        "lastModified": 1778821066,
        "narHash": "sha256-g2DxDnnh52JCPg4ktPWFBi0J9203FCncGOzB3eiCRxQ=",
        "owner": "smol-machines",
        "repo": "libkrunfw",
        "rev": "516ceece6aed60ccc84ac8faa459885062e39400",
        "type": "github"
      },
      "original": {
        "owner": "smol-machines",
        "repo": "libkrunfw",
        "rev": "516ceece6aed60ccc84ac8faa459885062e39400",
        "type": "github"
      }
    },
    "nixpkgs": {
      "locked": {
        "lastModified": 1789286504,
        "narHash": "sha256-eiEK7cKZORNEvX0GeF3RtNEF/JXhgf2RqSp3230q13E=",
        "owner": "NixOS",
        "repo": "nixpkgs",
        "rev": "ef34387ddd751e1ab8857adf4676492d32eb24ec",
        "type": "github"
      },
      "original": {
        "owner": "NixOS",
        "ref": "nixos-unstable",
        "repo": "nixpkgs",
        "type": "github"
      }
    },
    "nixpkgs_2": {
      "locked": {
        "lastModified": 1779357205,
        "narHash": "sha256-cCO8aTqss5x9Ky8GWkpY0Hy5fyTZEbtifSUV8QjSzic=",
        "owner": "NixOS",
        "repo": "nixpkgs",
        "rev": "f83fc3c307e74bc5fd5adb7eb6b8b13ffd2a36e1",
        "type": "github"
      },
      "original": {
        "owner": "NixOS",
        "ref": "nixos-unstable",
        "repo": "nixpkgs",
        "type": "github"
      }
    },
    "nixpkgs_3": {
      "locked": {
        "lastModified": 1770843696,
        "narHash": "sha256-LovWTGDwXhkfCOmbgLVA10bvsi/P8eDDpRudgk68HA8=",
        "owner": "NixOS",
        "repo": "nixpkgs",
        "rev": "2343bbb58f99267223bc2aac4fc9ea301a155a16",
        "type": "github"
      },
      "original": {
        "owner": "NixOS",
        "ref": "nixpkgs-unstable",
        "repo": "nixpkgs",
        "type": "github"
      }
    },
    "root": {
      "inputs": {
        "nixpkgs": "nixpkgs",
        "smolvm": "smolvm",
        "tilth": "tilth"
      }
    },
    "smolvm": {
      "inputs": {
        "libkrun-src": "libkrun-src",
        "libkrunfw-src": "libkrunfw-src",
        "nixpkgs": "nixpkgs_2"
      },
      "locked": {
        "lastModified": 1789119052,
        "narHash": "sha256-6wKrHW3E5UTYw9tNK4edhMj6HdzsP6iE123aX4x+q9A=",
        "owner": "smol-machines",
        "repo": "smolvm",
        "rev": "5098b07eddd12377fe12f257be7f5e92be7f5840",
        "type": "github"
      },
      "original": {
        "owner": "smol-machines",
        "repo": "smolvm",
        "rev": "5098b07eddd12377fe12f257be7f5e92be7f5840",
        "type": "github"
      }
    },
    "tilth": {
      "inputs": {
        "nixpkgs": "nixpkgs_3"
      },
      "locked": {
        "lastModified": 1788125048,
        "narHash": "sha256-BC9JOn4qD7bL+8ALIFjVi/xS1JhpOzFE1sPLLZ4ZarI=",
        "owner": "jahala",
        "repo": "tilth",
        "rev": "f5c0afa97c6666a3d68dcbd965a4db5a44bc0905",
        "type": "github"
      },
      "original": {
        "owner": "jahala",
        "repo": "tilth",
        "rev": "f5c0afa97c6666a3d68dcbd965a4db5a44bc0905",
        "type": "github"
      }
    }
  },
  "root": "root",
  "version": 7
}
